
Microsoft Visual Studio Solution File, Format Version 12.00
# Visual Studio Version 17
VisualStudioVersion = 17.5.33502.453
MinimumVisualStudioVersion = 10.0.40219.1
Project("{9A19103F-16F7-4668-BE54-9A1E7A4F7556}") = "BlazorPokedex.Client", "BlazorPokedex.Client\BlazorPokedex.Client.csproj", "{ADDFE645-3463-4BDF-8A4C-FC32CED87C63}"
EndProject
Project("{9A19103F-16F7-4668-BE54-9A1E7A4F7556}") = "Blazor.Pokedex.Models", "Blazor.Pokedex.Models\Blazor.Pokedex.Models.csproj", "{0E6BECE2-9CCC-4731-99B9-1069A226BBF6}"
EndProject
Project("{9A19103F-16F7-4668-BE54-9A1E7A4F7556}") = "Blazor.Pokedex.Services", "Blazor.Pokedex.Services\Blazor.Pokedex.Services.csproj", "{220B5114-502A-4120-94BA-71AAD764127B}"
EndProject
Global
	GlobalSection(SolutionConfigurationPlatforms) = preSolution
		Debug|Any CPU = Debug|Any CPU
		Release|Any CPU = Release|Any CPU
	EndGlobalSection
	GlobalSection(ProjectConfigurationPlatforms) = postSolution
		{ADDFE645-3463-4BDF-8A4C-FC32CED87C63}.Debug|Any CPU.ActiveCfg = Debug|Any CPU
		{ADDFE645-3463-4BDF-8A4C-FC32CED87C63}.Debug|Any CPU.Build.0 = Debug|Any CPU
		{ADDFE645-3463-4BDF-8A4C-FC32CED87C63}.Release|Any CPU.ActiveCfg = Release|Any CPU
		{ADDFE645-3463-4BDF-8A4C-FC32CED87C63}.Release|Any CPU.Build.0 = Release|Any CPU
		{0E6BECE2-9CCC-4731-99B9-1069A226BBF6}.Debug|Any CPU.ActiveCfg = Debug|Any CPU
		{0E6BECE2-9CCC-4731-99B9-1069A226BBF6}.Debug|Any CPU.Build.0 = Debug|Any CPU
		{0E6BECE2-9CCC-4731-99B9-1069A226BBF6}.Release|Any CPU.ActiveCfg = Release|Any CPU
		{0E6BECE2-9CCC-4731-99B9-1069A226BBF6}.Release|Any CPU.Build.0 = Release|Any CPU
		{220B5114-502A-4120-94BA-71AAD764127B}.Debug|Any CPU.ActiveCfg = Debug|Any CPU
		{220B5114-502A-4120-94BA-71AAD764127B}.Debug|Any CPU.Build.0 = Debug|Any CPU
		{220B5114-502A-4120-94BA-71AAD764127B}.Release|Any CPU.ActiveCfg = Release|Any CPU
		{220B5114-502A-4120-94BA-71AAD764127B}.Release|Any CPU.Build.0 = Release|Any CPU
	EndGlobalSection
	GlobalSection(SolutionProperties) = preSolution
		HideSolutionNode = FALSE
	EndGlobalSection
	GlobalSection(ExtensibilityGlobals) = postSolution
		SolutionGuid = {90B76668-B49C-4999-8AF9-EF456D7F2593}
	EndGlobalSection
EndGlobal
